PODS:
  - ACProgressHUD-Swift (1.4)
  - SwiftyJSON (4.3.0)

DEPENDENCIES:
  - ACProgressHUD-Swift (~> 1.4)
  - SwiftyJSON (~> 4.0)

SPEC REPOS:
  trunk:
    - ACProgressHUD-Swift
    - SwiftyJSON

SPEC CHECKSUMS:
  ACProgressHUD-Swift: 52a40fe3377959cfe84316dc0cf523c5d790bbe8
  SwiftyJSON: 6faa0040f8b59dead0ee07436cbf76b73c08fd08

PODFILE CHECKSUM: 881ab163f093fc2c5129f29cc6867504bbf5f60d

COCOAPODS: 1.9.3
